// !$*UTF8*$!
{
	archiveVersion = 1;
	classes = {
	};
	objectVersion = 55;
	objects = {

/* Begin PBXBuildFile section */
		AB1F48E62820EB1C001915D3 /* FavouritePlacesApp.swift in Sources */ = {isa = PBXBuildFile; fileRef = AB1F48E52820EB1C001915D3 /* FavouritePlacesApp.swift */; };
		AB1F48E82820EB1C001915D3 /* ContentView.swift in Sources */ = {isa = PBXBuildFile; fileRef = AB1F48E72820EB1C001915D3 /* ContentView.swift */; };
		AB1F48EA2820EB1D001915D3 /* Assets.xcassets in Resources */ = {isa = PBXBuildFile; fileRef = AB1F48E92820EB1D001915D3 /* Assets.xcassets */; };
		AB1F48ED2820EB1D001915D3 /* Preview Assets.xcassets in Resources */ = {isa = PBXBuildFile; fileRef = AB1F48EC2820EB1D001915D3 /* Preview Assets.xcassets */; };
		AB1F48EF2820EB1D001915D3 /* Persistence.swift in Sources */ = {isa = PBXBuildFile; fileRef = AB1F48EE2820EB1D001915D3 /* Persistence.swift */; };
		AB1F48F22820EB1D001915D3 /* FavouritePlaces.xcdatamodeld in Sources */ = {isa = PBXBuildFile; fileRef = AB1F48F02820EB1D001915D3 /* FavouritePlaces.xcdatamodeld */; };
		AB1F48FC2820EB1E001915D3 /* FavouritePlacesTests.swift in Sources */ = {isa = PBXBuildFile; fileRef = AB1F48FB2820EB1E001915D3 /* FavouritePlacesTests.swift */; };
		AB1F49062820EB1E001915D3 /* FavouritePlacesUITests.swift in Sources */ = {isa = PBXBuildFile; fileRef = AB1F49052820EB1E001915D3 /* FavouritePlacesUITests.swift */; };
		AB1F49082820EB1E001915D3 /* FavouritePlacesUITestsLaunchTests.swift in Sources */ = {isa = PBXBuildFile; fileRef = AB1F49072820EB1E001915D3 /* FavouritePlacesUITestsLaunchTests.swift */; };
		AB1F491D2820F991001915D3 /* StringConstants.swift in Sources */ = {isa = PBXBuildFile; fileRef = AB1F491C2820F991001915D3 /* StringConstants.swift */; };
		AB1F491F2820F9E5001915D3 /* MasterView.swift in Sources */ = {isa = PBXBuildFile; fileRef = AB1F491E2820F9E5001915D3 /* MasterView.swift */; };
		AB1F49222820FA94001915D3 /* ImageItemView.swift in Sources */ = {isa = PBXBuildFile; fileRef = AB1F49212820FA94001915D3 /* ImageItemView.swift */; };
		AB1F492828223021001915D3 /* CoreDataManager.swift in Sources */ = {isa = PBXBuildFile; fileRef = AB1F492728223021001915D3 /* CoreDataManager.swift */; };
		AB1F492C28237BE2001915D3 /* ChildView.swift in Sources */ = {isa = PBXBuildFile; fileRef = AB1F492B28237BE2001915D3 /* ChildView.swift */; };
		AB1F492E2823889B001915D3 /* ImageView.swift in Sources */ = {isa = PBXBuildFile; fileRef = AB1F492D2823889B001915D3 /* ImageView.swift */; };
		AB1F493028238ECB001915D3 /* Extensions.swift in Sources */ = {isa = PBXBuildFile; fileRef = AB1F492F28238ECB001915D3 /* Extensions.swift */; };
/* End PBXBuildFile section */

/* Begin PBXContainerItemProxy section */
		AB1F48F82820EB1E001915D3 /* PBXContainerItemProxy */ = {
			isa = PBXContainerItemProxy;
			containerPortal = AB1F48DA2820EB1C001915D3 /* Project object */;
			proxyType = 1;
			remoteGlobalIDString = AB1F48E12820EB1C001915D3;
			remoteInfo = FavouritePlaces;
		};
		AB1F49022820EB1E001915D3 /* PBXContainerItemProxy */ = {
			isa = PBXContainerItemProxy;
			containerPortal = AB1F48DA2820EB1C001915D3 /* Project object */;
			proxyType = 1;
			remoteGlobalIDString = AB1F48E12820EB1C001915D3;
			remoteInfo = FavouritePlaces;
		};
/* End PBXContainerItemProxy section */

/* Begin PBXFileReference section */
		AB1F48E22820EB1C001915D3 /* FavouritePlaces.app */ = {isa = PBXFileReference; explicitFileType = wrapper.application; includeInIndex = 0; path = FavouritePlaces.app; sourceTree = BUILT_PRODUCTS_DIR; };
		AB1F48E52820EB1C001915D3 /* FavouritePlacesApp.swift */ = {isa = PBXFileReference; lastKnownFileType = sourcecode.swift; path = FavouritePlacesApp.swift; sourceTree = "<group>"; };
		AB1F48E72820EB1C001915D3 /* ContentView.swift */ = {isa = PBXFileReference; lastKnownFileType = sourcecode.swift; path = ContentView.swift; sourceTree = "<group>"; };
		AB1F48E92820EB1D001915D3 /* Assets.xcassets */ = {isa = PBXFileReference; lastKnownFileType = folder.assetcatalog; path = Assets.xcassets; sourceTree = "<group>"; };
		AB1F48EC2820EB1D001915D3 /* Preview Assets.xcassets */ = {isa = PBXFileReference; lastKnownFileType = folder.assetcatalog; path = "Preview Assets.xcassets"; sourceTree = "<group>"; };
		AB1F48EE2820EB1D001915D3 /* Persistence.swift */ = {isa = PBXFileReference; lastKnownFileType = sourcecode.swift; path = Persistence.swift; sourceTree = "<group>"; };
		AB1F48F12820EB1D001915D3 /* FavouritePlaces.xcdatamodel */ = {isa = PBXFileReference; lastKnownFileType = wrapper.xcdatamodel; path = FavouritePlaces.xcdatamodel; sourceTree = "<group>"; };
		AB1F48F72820EB1E001915D3 /* FavouritePlacesTests.xctest */ = {isa = PBXFileReference; explicitFileType = wrapper.cfbundle; includeInIndex = 0; path = FavouritePlacesTests.xctest; sourceTree = BUILT_PRODUCTS_DIR; };
		AB1F48FB2820EB1E001915D3 /* FavouritePlacesTests.swift */ = {isa = PBXFileReference; lastKnownFileType = sourcecode.swift; path = FavouritePlacesTests.swift; sourceTree = "<group>"; };
		AB1F49012820EB1E001915D3 /* FavouritePlacesUITests.xctest */ = {isa = PBXFileReference; explicitFileType = wrapper.cfbundle; includeInIndex = 0; path = FavouritePlacesUITests.xctest; sourceTree = BUILT_PRODUCTS_DIR; };
		AB1F49052820EB1E001915D3 /* FavouritePlacesUITests.swift */ = {isa = PBXFileReference; lastKnownFileType = sourcecode.swift; path = FavouritePlacesUITests.swift; sourceTree = "<group>"; };
		AB1F49072820EB1E001915D3 /* FavouritePlacesUITestsLaunchTests.swift */ = {isa = PBXFileReference; lastKnownFileType = sourcecode.swift; path = FavouritePlacesUITestsLaunchTests.swift; sourceTree = "<group>"; };
		AB1F491C2820F991001915D3 /* StringConstants.swift */ = {isa = PBXFileReference; lastKnownFileType = sourcecode.swift; path = StringConstants.swift; sourceTree = "<group>"; };
		AB1F491E2820F9E5001915D3 /* MasterView.swift */ = {isa = PBXFileReference; lastKnownFileType = sourcecode.swift; path = MasterView.swift; sourceTree = "<group>"; };
		AB1F49212820FA94001915D3 /* ImageItemView.swift */ = {isa = PBXFileReference; lastKnownFileType = sourcecode.swift; path = ImageItemView.swift; sourceTree = "<group>"; };
		AB1F492728223021001915D3 /* CoreDataManager.swift */ = {isa = PBXFileReference; lastKnownFileType = sourcecode.swift; path = CoreDataManager.swift; sourceTree = "<group>"; };
		AB1F492B28237BE2001915D3 /* ChildView.swift */ = {isa = PBXFileReference; lastKnownFileType = sourcecode.swift; path = ChildView.swift; sourceTree = "<group>"; };
		AB1F492D2823889B001915D3 /* ImageView.swift */ = {isa = PBXFileReference; lastKnownFileType = sourcecode.swift; path = ImageView.swift; sourceTree = "<group>"; };
		AB1F492F28238ECB001915D3 /* Extensions.swift */ = {isa = PBXFileReference; lastKnownFileType = sourcecode.swift; path = Extensions.swift; sourceTree = "<group>"; };
/* End PBXFileReference section */

/* Begin PBXFrameworksBuildPhase section */
		AB1F48DF2820EB1C001915D3 /* Frameworks */ = {
			isa = PBXFrameworksBuildPhase;
			buildActionMask = 2147483647;
			files = (
			);
			runOnlyForDeploymentPostprocessing = 0;
		};
		AB1F48F42820EB1E001915D3 /* Frameworks */ = {
			isa = PBXFrameworksBuildPhase;
			buildActionMask = 2147483647;
			files = (
			);
			runOnlyForDeploymentPostprocessing = 0;
		};
		AB1F48FE2820EB1E001915D3 /* Frameworks */ = {
			isa = PBXFrameworksBuildPhase;
			buildActionMask = 2147483647;
			files = (
			);
			runOnlyForDeploymentPostprocessing = 0;
		};
/* End PBXFrameworksBuildPhase section */

/* Begin PBXGroup section */
		AB1F48D92820EB1C001915D3 = {
			isa = PBXGroup;
			children = (
				AB1F48E42820EB1C001915D3 /* FavouritePlaces */,
				AB1F48FA2820EB1E001915D3 /* FavouritePlacesTests */,
				AB1F49042820EB1E001915D3 /* FavouritePlacesUITests */,
				AB1F48E32820EB1C001915D3 /* Products */,
			);
			sourceTree = "<group>";
		};
		AB1F48E32820EB1C001915D3 /* Products */ = {
			isa = PBXGroup;
			children = (
				AB1F48E22820EB1C001915D3 /* FavouritePlaces.app */,
				AB1F48F72820EB1E001915D3 /* FavouritePlacesTests.xctest */,
				AB1F49012820EB1E001915D3 /* FavouritePlacesUITests.xctest */,
			);
			name = Products;
			sourceTree = "<group>";
		};
		AB1F48E42820EB1C001915D3 /* FavouritePlaces */ = {
			isa = PBXGroup;
			children = (
				AB1F48E52820EB1C001915D3 /* FavouritePlacesApp.swift */,
				AB1F48E72820EB1C001915D3 /* ContentView.swift */,
				AB1F49182820EB94001915D3 /* M-V-VM */,
				AB1F49162820EB73001915D3 /* Helper */,
				AB1F49152820EB64001915D3 /* CoreData */,
				AB1F49142820EB54001915D3 /* Resources */,
				AB1F48EB2820EB1D001915D3 /* Preview Content */,
			);
			path = FavouritePlaces;
			sourceTree = "<group>";
		};
		AB1F48EB2820EB1D001915D3 /* Preview Content */ = {
			isa = PBXGroup;
			children = (
				AB1F48EC2820EB1D001915D3 /* Preview Assets.xcassets */,
			);
			path = "Preview Content";
			sourceTree = "<group>";
		};
		AB1F48FA2820EB1E001915D3 /* FavouritePlacesTests */ = {
			isa = PBXGroup;
			children = (
				AB1F48FB2820EB1E001915D3 /* FavouritePlacesTests.swift */,
			);
			path = FavouritePlacesTests;
			sourceTree = "<group>";
		};
		AB1F49042820EB1E001915D3 /* FavouritePlacesUITests */ = {
			isa = PBXGroup;
			children = (
				AB1F49052820EB1E001915D3 /* FavouritePlacesUITests.swift */,
				AB1F49072820EB1E001915D3 /* FavouritePlacesUITestsLaunchTests.swift */,
			);
			path = FavouritePlacesUITests;
			sourceTree = "<group>";
		};
		AB1F49142820EB54001915D3 /* Resources */ = {
			isa = PBXGroup;
			children = (
				AB1F48E92820EB1D001915D3 /* Assets.xcassets */,
				AB1F48F02820EB1D001915D3 /* FavouritePlaces.xcdatamodeld */,
			);
			path = Resources;
			sourceTree = "<group>";
		};
		AB1F49152820EB64001915D3 /* CoreData */ = {
			isa = PBXGroup;
			children = (
				AB1F48EE2820EB1D001915D3 /* Persistence.swift */,
				AB1F492728223021001915D3 /* CoreDataManager.swift */,
			);
			path = CoreData;
			sourceTree = "<group>";
		};
		AB1F49162820EB73001915D3 /* Helper */ = {
			isa = PBXGroup;
			children = (
				AB1F491C2820F991001915D3 /* StringConstants.swift */,
				AB1F492F28238ECB001915D3 /* Extensions.swift */,
			);
			path = Helper;
			sourceTree = "<group>";
		};
		AB1F49182820EB94001915D3 /* M-V-VM */ = {
			isa = PBXGroup;
			children = (
				AB1F491B2820EBB0001915D3 /* ViewModel */,
				AB1F491A2820EBAB001915D3 /* View */,
			);
			path = "M-V-VM";
			sourceTree = "<group>";
		};
		AB1F491A2820EBAB001915D3 /* View */ = {
			isa = PBXGroup;
			children = (
				AB1F49202820FA66001915D3 /* ChildViews */,
				AB1F491E2820F9E5001915D3 /* MasterView.swift */,
				AB1F492B28237BE2001915D3 /* ChildView.swift */,
			);
			path = View;
			sourceTree = "<group>";
		};
		AB1F491B2820EBB0001915D3 /* ViewModel */ = {
			isa = PBXGroup;
			children = (
			);
			path = ViewModel;
			sourceTree = "<group>";
		};
		AB1F49202820FA66001915D3 /* ChildViews */ = {
			isa = PBXGroup;
			children = (
				AB1F49212820FA94001915D3 /* ImageItemView.swift */,
				AB1F492D2823889B001915D3 /* ImageView.swift */,
			);
			path = ChildViews;
			sourceTree = "<group>";
		};
/* End PBXGroup section */

/* Begin PBXNativeTarget section */
		AB1F48E12820EB1C001915D3 /* FavouritePlaces */ = {
			isa = PBXNativeTarget;
			buildConfigurationList = AB1F490B2820EB1E001915D3 /* Build configuration list for PBXNativeTarget "FavouritePlaces" */;
			buildPhases = (
				AB1F48DE2820EB1C001915D3 /* Sources */,
				AB1F48DF2820EB1C001915D3 /* Frameworks */,
				AB1F48E02820EB1C001915D3 /* Resources */,
			);
			buildRules = (
			);
			dependencies = (
			);
			name = FavouritePlaces;
			productName = FavouritePlaces;
			productReference = AB1F48E22820EB1C001915D3 /* FavouritePlaces.app */;
			productType = "com.apple.product-type.application";
		};
		AB1F48F62820EB1E001915D3 /* FavouritePlacesTests */ = {
			isa = PBXNativeTarget;
			buildConfigurationList = AB1F490E2820EB1E001915D3 /* Build configuration list for PBXNativeTarget "FavouritePlacesTests" */;
			buildPhases = (
				AB1F48F32820EB1E001915D3 /* Sources */,
				AB1F48F42820EB1E001915D3 /* Frameworks */,
				AB1F48F52820EB1E001915D3 /* Resources */,
			);
			buildRules = (
			);
			dependencies = (
				AB1F48F92820EB1E001915D3 /* PBXTargetDependency */,
			);
			name = FavouritePlacesTests;
			productName = FavouritePlacesTests;
			productReference = AB1F48F72820EB1E001915D3 /* FavouritePlacesTests.xctest */;
			productType = "com.apple.product-type.bundle.unit-test";
		};
		AB1F49002820EB1E001915D3 /* FavouritePlacesUITests */ = {
			isa = PBXNativeTarget;
			buildConfigurationList = AB1F49112820EB1E001915D3 /* Build configuration list for PBXNativeTarget "FavouritePlacesUITests" */;
			buildPhases = (
				AB1F48FD2820EB1E001915D3 /* Sources */,
				AB1F48FE2820EB1E001915D3 /* Frameworks */,
				AB1F48FF2820EB1E001915D3 /* Resources */,
			);
			buildRules = (
			);
			dependencies = (
				AB1F49032820EB1E001915D3 /* PBXTargetDependency */,
			);
			name = FavouritePlacesUITests;
			productName = FavouritePlacesUITests;
			productReference = AB1F49012820EB1E001915D3 /* FavouritePlacesUITests.xctest */;
			productType = "com.apple.product-type.bundle.ui-testing";
		};
/* End PBXNativeTarget section */

/* Begin PBXProject section */
		AB1F48DA2820EB1C001915D3 /* Project object */ = {
			isa = PBXProject;
			attributes = {
				BuildIndependentTargetsInParallel = 1;
				LastSwiftUpdateCheck = 1320;
				LastUpgradeCheck = 1320;
				TargetAttributes = {
					AB1F48E12820EB1C001915D3 = {
						CreatedOnToolsVersion = 13.2;
					};
					AB1F48F62820EB1E001915D3 = {
						CreatedOnToolsVersion = 13.2;
						TestTargetID = AB1F48E12820EB1C001915D3;
					};
					AB1F49002820EB1E001915D3 = {
						CreatedOnToolsVersion = 13.2;
						TestTargetID = AB1F48E12820EB1C001915D3;
					};
				};
			};
			buildConfigurationList = AB1F48DD2820EB1C001915D3 /* Build configuration list for PBXProject "FavouritePlaces" */;
			compatibilityVersion = "Xcode 13.0";
			developmentRegion = en;
			hasScannedForEncodings = 0;
			knownRegions = (
				en,
				Base,
			);
			mainGroup = AB1F48D92820EB1C001915D3;
			productRefGroup = AB1F48E32820EB1C001915D3 /* Products */;
			projectDirPath = "";
			projectRoot = "";
			targets = (
				AB1F48E12820EB1C001915D3 /* FavouritePlaces */,
				AB1F48F62820EB1E001915D3 /* FavouritePlacesTests */,
				AB1F49002820EB1E001915D3 /* FavouritePlacesUITests */,
			);
		};
/* End PBXProject section */

/* Begin PBXResourcesBuildPhase section */
		AB1F48E02820EB1C001915D3 /* Resources */ = {
			isa = PBXResourcesBuildPhase;
			buildActionMask = 2147483647;
			files = (
				AB1F48ED2820EB1D001915D3 /* Preview Assets.xcassets in Resources */,
				AB1F48EA2820EB1D001915D3 /* Assets.xcassets in Resources */,
			);
			runOnlyForDeploymentPostprocessing = 0;
		};
		AB1F48F52820EB1E001915D3 /* Resources */ = {
			isa = PBXResourcesBuildPhase;
			buildActionMask = 2147483647;
			files = (
			);
			runOnlyForDeploymentPostprocessing = 0;
		};
		AB1F48FF2820EB1E001915D3 /* Resources */ = {
			isa = PBXResourcesBuildPhase;
			buildActionMask = 2147483647;
			files = (
			);
			runOnlyForDeploymentPostprocessing = 0;
		};
/* End PBXResourcesBuildPhase section */

/* Begin PBXSourcesBuildPhase section */
		AB1F48DE2820EB1C001915D3 /* Sources */ = {
			isa = PBXSourcesBuildPhase;
			buildActionMask = 2147483647;
			files = (
				AB1F492E2823889B001915D3 /* ImageView.swift in Sources */,
				AB1F491F2820F9E5001915D3 /* MasterView.swift in Sources */,
				AB1F48EF2820EB1D001915D3 /* Persistence.swift in Sources */,
				AB1F48F22820EB1D001915D3 /* FavouritePlaces.xcdatamodeld in Sources */,
				AB1F49222820FA94001915D3 /* ImageItemView.swift in Sources */,
				AB1F48E82820EB1C001915D3 /* ContentView.swift in Sources */,
				AB1F492C28237BE2001915D3 /* ChildView.swift in Sources */,
				AB1F491D2820F991001915D3 /* StringConstants.swift in Sources */,
				AB1F492828223021001915D3 /* CoreDataManager.swift in Sources */,
				AB1F493028238ECB001915D3 /* Extensions.swift in Sources */,
				AB1F48E62820EB1C001915D3 /* FavouritePlacesApp.swift in Sources */,
			);
			runOnlyForDeploymentPostprocessing = 0;
		};
		AB1F48F32820EB1E001915D3 /* Sources */ = {
			isa = PBXSourcesBuildPhase;
			buildActionMask = 2147483647;
			files = (
				AB1F48FC2820EB1E001915D3 /* FavouritePlacesTests.swift in Sources */,
			);
			runOnlyForDeploymentPostprocessing = 0;
		};
		AB1F48FD2820EB1E001915D3 /* Sources */ = {
			isa = PBXSourcesBuildPhase;
			buildActionMask = 2147483647;
			files = (
				AB1F49082820EB1E001915D3 /* FavouritePlacesUITestsLaunchTests.swift in Sources */,
				AB1F49062820EB1E001915D3 /* FavouritePlacesUITests.swift in Sources */,
			);
			runOnlyForDeploymentPostprocessing = 0;
		};
/* End PBXSourcesBuildPhase section */

/* Begin PBXTargetDependency section */
		AB1F48F92820EB1E001915D3 /* PBXTargetDependency */ = {
			isa = PBXTargetDependency;
			target = AB1F48E12820EB1C001915D3 /* FavouritePlaces */;
			targetProxy = AB1F48F82820EB1E001915D3 /* PBXContainerItemProxy */;
		};
		AB1F49032820EB1E001915D3 /* PBXTargetDependency */ = {
			isa = PBXTargetDependency;
			target = AB1F48E12820EB1C001915D3 /* FavouritePlaces */;
			targetProxy = AB1F49022820EB1E001915D3 /* PBXContainerItemProxy */;
		};
/* End PBXTargetDependency section */

/* Begin XCBuildConfiguration section */
		AB1F49092820EB1E001915D3 /* Debug */ = {
			isa = XCBuildConfiguration;
			buildSettings = {
				ALWAYS_SEARCH_USER_PATHS = NO;
				CLANG_ANALYZER_NONNULL = YES;
				CLANG_ANALYZER_NUMBER_OBJECT_CONVERSION = YES_AGGRESSIVE;
				CLANG_CXX_LANGUAGE_STANDARD = "gnu++17";
				CLANG_CXX_LIBRARY = "libc++";
				CLANG_ENABLE_MODULES = YES;
				CLANG_ENABLE_OBJC_ARC = YES;
				CLANG_ENABLE_OBJC_WEAK = YES;
				CLANG_WARN_BLOCK_CAPTURE_AUTORELEASING = YES;
				CLANG_WARN_BOOL_CONVERSION = YES;
				CLANG_WARN_COMMA = YES;
				CLANG_WARN_CONSTANT_CONVERSION = YES;
				CLANG_WARN_DEPRECATED_OBJC_IMPLEMENTATIONS = YES;
				CLANG_WARN_DIRECT_OBJC_ISA_USAGE = YES_ERROR;
				CLANG_WARN_DOCUMENTATION_COMMENTS = YES;
				CLANG_WARN_EMPTY_BODY = YES;
				CLANG_WARN_ENUM_CONVERSION = YES;
				CLANG_WARN_INFINITE_RECURSION = YES;
				CLANG_WARN_INT_CONVERSION = YES;
				CLANG_WARN_NON_LITERAL_NULL_CONVERSION = YES;
				CLANG_WARN_OBJC_IMPLICIT_RETAIN_SELF = YES;
				CLANG_WARN_OBJC_LITERAL_CONVERSION = YES;
				CLANG_WARN_OBJC_ROOT_CLASS = YES_ERROR;
				CLANG_WARN_QUOTED_INCLUDE_IN_FRAMEWORK_HEADER = YES;
				CLANG_WARN_RANGE_LOOP_ANALYSIS = YES;
				CLANG_WARN_STRICT_PROTOTYPES = YES;
				CLANG_WARN_SUSPICIOUS_MOVE = YES;
				CLANG_WARN_UNGUARDED_AVAILABILITY = YES_AGGRESSIVE;
				CLANG_WARN_UNREACHABLE_CODE = YES;
				CLANG_WARN__DUPLICATE_METHOD_MATCH = YES;
				COPY_PHASE_STRIP = NO;
				DEBUG_INFORMATION_FORMAT = dwarf;
				ENABLE_STRICT_OBJC_MSGSEND = YES;
				ENABLE_TESTABILITY = YES;
				GCC_C_LANGUAGE_STANDARD = gnu11;
				GCC_DYNAMIC_NO_PIC = NO;
				GCC_NO_COMMON_BLOCKS = YES;
				GCC_OPTIMIZATION_LEVEL = 0;
				GCC_PREPROCESSOR_DEFINITIONS = (
					"DEBUG=1",
					"$(inherited)",
				);
				GCC_WARN_64_TO_32_BIT_CONVERSION = YES;
				GCC_WARN_ABOUT_RETURN_TYPE = YES_ERROR;
				GCC_WARN_UNDECLARED_SELECTOR = YES;
				GCC_WARN_UNINITIALIZED_AUTOS = YES_AGGRESSIVE;
				GCC_WARN_UNUSED_FUNCTION = YES;
				GCC_WARN_UNUSED_VARIABLE = YES;
				IPHONEOS_DEPLOYMENT_TARGET = 15.2;
				MTL_ENABLE_DEBUG_INFO = INCLUDE_SOURCE;
				MTL_FAST_MATH = YES;
				ONLY_ACTIVE_ARCH = YES;
				SDKROOT = iphoneos;
				SWIFT_ACTIVE_COMPILATION_CONDITIONS = DEBUG;
				SWIFT_OPTIMIZATION_LEVEL = "-Onone";
			};
			name = Debug;
		};
		AB1F490A2820EB1E001915D3 /* Release */ = {
			isa = XCBuildConfiguration;
			buildSettings = {
				ALWAYS_SEARCH_USER_PATHS = NO;
				CLANG_ANALYZER_NONNULL = YES;
				CLANG_ANALYZER_NUMBER_OBJECT_CONVERSION = YES_AGGRESSIVE;
				CLANG_CXX_LANGUAGE_STANDARD = "gnu++17";
				CLANG_CXX_LIBRARY = "libc++";
				CLANG_ENABLE_MODULES = YES;
				CLANG_ENABLE_OBJC_ARC = YES;
				CLANG_ENABLE_OBJC_WEAK = YES;
				CLANG_WARN_BLOCK_CAPTURE_AUTORELEASING = YES;
				CLANG_WARN_BOOL_CONVERSION = YES;
				CLANG_WARN_COMMA = YES;
				CLANG_WARN_CONSTANT_CONVERSION = YES;
				CLANG_WARN_DEPRECATED_OBJC_IMPLEMENTATIONS = YES;
				CLANG_WARN_DIRECT_OBJC_ISA_USAGE = YES_ERROR;
				CLANG_WARN_DOCUMENTATION_COMMENTS = YES;
				CLANG_WARN_EMPTY_BODY = YES;
				CLANG_WARN_ENUM_CONVERSION = YES;
				CLANG_WARN_INFINITE_RECURSION = YES;
				CLANG_WARN_INT_CONVERSION = YES;
				CLANG_WARN_NON_LITERAL_NULL_CONVERSION = YES;
				CLANG_WARN_OBJC_IMPLICIT_RETAIN_SELF = YES;
				CLANG_WARN_OBJC_LITERAL_CONVERSION = YES;
				CLANG_WARN_OBJC_ROOT_CLASS = YES_ERROR;
				CLANG_WARN_QUOTED_INCLUDE_IN_FRAMEWORK_HEADER = YES;
				CLANG_WARN_RANGE_LOOP_ANALYSIS = YES;
				CLANG_WARN_STRICT_PROTOTYPES = YES;
				CLANG_WARN_SUSPICIOUS_MOVE = YES;
				CLANG_WARN_UNGUARDED_AVAILABILITY = YES_AGGRESSIVE;
				CLANG_WARN_UNREACHABLE_CODE = YES;
				CLANG_WARN__DUPLICATE_METHOD_MATCH = YES;
				COPY_PHASE_STRIP = NO;
				DEBUG_INFORMATION_FORMAT = "dwarf-with-dsym";
				ENABLE_NS_ASSERTIONS = NO;
				ENABLE_STRICT_OBJC_MSGSEND = YES;
				GCC_C_LANGUAGE_STANDARD = gnu11;
				GCC_NO_COMMON_BLOCKS = YES;
				GCC_WARN_64_TO_32_BIT_CONVERSION = YES;
				GCC_WARN_ABOUT_RETURN_TYPE = YES_ERROR;
				GCC_WARN_UNDECLARED_SELECTOR = YES;
				GCC_WARN_UNINITIALIZED_AUTOS = YES_AGGRESSIVE;
				GCC_WARN_UNUSED_FUNCTION = YES;
				GCC_WARN_UNUSED_VARIABLE = YES;
				IPHONEOS_DEPLOYMENT_TARGET = 15.2;
				MTL_ENABLE_DEBUG_INFO = NO;
				MTL_FAST_MATH = YES;
				SDKROOT = iphoneos;
				SWIFT_COMPILATION_MODE = wholemodule;
				SWIFT_OPTIMIZATION_LEVEL = "-O";
				VALIDATE_PRODUCT = YES;
			};
			name = Release;
		};
		AB1F490C2820EB1E001915D3 /* Debug */ = {
			isa = XCBuildConfiguration;
			buildSettings = {
				ASSETCATALOG_COMPILER_APPICON_NAME = AppIcon;
				ASSETCATALOG_COMPILER_GLOBAL_ACCENT_COLOR_NAME = AccentColor;
				CODE_SIGN_STYLE = Automatic;
				CURRENT_PROJECT_VERSION = 1;
				DEVELOPMENT_ASSET_PATHS = "\"FavouritePlaces/Preview Content\"";
				ENABLE_PREVIEWS = YES;
				GENERATE_INFOPLIST_FILE = YES;
				INFOPLIST_KEY_UIApplicationSceneManifest_Generation = YES;
				INFOPLIST_KEY_UIApplicationSupportsIndirectInputEvents = YES;
				INFOPLIST_KEY_UILaunchScreen_Generation = YES;
				INFOPLIST_KEY_UISupportedInterfaceOrientations_iPad = "UIInterfaceOrientationPortrait UIInterfaceOrientationPortraitUpsideDown UIInterfaceOrientationLandscapeLeft UIInterfaceOrientationLandscapeRight";
				INFOPLIST_KEY_UISupportedInterfaceOrientations_iPhone = "UIInterfaceOrientationPortrait UIInterfaceOrientationLandscapeLeft UIInterfaceOrientationLandscapeRight";
				LD_RUNPATH_SEARCH_PATHS = (
					"$(inherited)",
					"@executable_path/Frameworks",
				);
				MARKETING_VERSION = 1.0;
				PRODUCT_BUNDLE_IDENTIFIER = ramanjaneyulukoduri.FavouritePlaces;
				PRODUCT_NAME = "$(TARGET_NAME)";
				SWIFT_EMIT_LOC_STRINGS = YES;
				SWIFT_VERSION = 5.0;
				TARGETED_DEVICE_FAMILY = "1,2";
			};
			name = Debug;
		};
		AB1F490D2820EB1E001915D3 /* Release */ = {
			isa = XCBuildConfiguration;
			buildSettings = {
				ASSETCATALOG_COMPILER_APPICON_NAME = AppIcon;
				ASSETCATALOG_COMPILER_GLOBAL_ACCENT_COLOR_NAME = AccentColor;
				CODE_SIGN_STYLE = Automatic;
				CURRENT_PROJECT_VERSION = 1;
				DEVELOPMENT_ASSET_PATHS = "\"FavouritePlaces/Preview Content\"";
				ENABLE_PREVIEWS = YES;
				GENERATE_INFOPLIST_FILE = YES;
				INFOPLIST_KEY_UIApplicationSceneManifest_Generation = YES;
				INFOPLIST_KEY_UIApplicationSupportsIndirectInputEvents = YES;
				INFOPLIST_KEY_UILaunchScreen_Generation = YES;
				INFOPLIST_KEY_UISupportedInterfaceOrientations_iPad = "UIInterfaceOrientationPortrait UIInterfaceOrientationPortraitUpsideDown UIInterfaceOrientationLandscapeLeft UIInterfaceOrientationLandscapeRight";
				INFOPLIST_KEY_UISupportedInterfaceOrientations_iPhone = "UIInterfaceOrientationPortrait UIInterfaceOrientationLandscapeLeft UIInterfaceOrientationLandscapeRight";
				LD_RUNPATH_SEARCH_PATHS = (
					"$(inherited)",
					"@executable_path/Frameworks",
				);
				MARKETING_VERSION = 1.0;
				PRODUCT_BUNDLE_IDENTIFIER = ramanjaneyulukoduri.FavouritePlaces;
				PRODUCT_NAME = "$(TARGET_NAME)";
				SWIFT_EMIT_LOC_STRINGS = YES;
				SWIFT_VERSION = 5.0;
				TARGETED_DEVICE_FAMILY = "1,2";
			};
			name = Release;
		};
		AB1F490F2820EB1E001915D3 /* Debug */ = {
			isa = XCBuildConfiguration;
			buildSettings = {
				ALWAYS_EMBED_SWIFT_STANDARD_LIBRARIES = YES;
				BUNDLE_LOADER = "$(TEST_HOST)";
				CODE_SIGN_STYLE = Automatic;
				CURRENT_PROJECT_VERSION = 1;
				GENERATE_INFOPLIST_FILE = YES;
				IPHONEOS_DEPLOYMENT_TARGET = 15.2;
				MARKETING_VERSION = 1.0;
				PRODUCT_BUNDLE_IDENTIFIER = ramanjaneyulukoduri.FavouritePlacesTests;
				PRODUCT_NAME = "$(TARGET_NAME)";
				SWIFT_EMIT_LOC_STRINGS = NO;
				SWIFT_VERSION = 5.0;
				TARGETED_DEVICE_FAMILY = "1,2";
				TEST_HOST = "$(BUILT_PRODUCTS_DIR)/FavouritePlaces.app/FavouritePlaces";
			};
			name = Debug;
		};
		AB1F49102820EB1E001915D3 /* Release */ = {
			isa = XCBuildConfiguration;
			buildSettings = {
				ALWAYS_EMBED_SWIFT_STANDARD_LIBRARIES = YES;
				BUNDLE_LOADER = "$(TEST_HOST)";
				CODE_SIGN_STYLE = Automatic;
				CURRENT_PROJECT_VERSION = 1;
				GENERATE_INFOPLIST_FILE = YES;
				IPHONEOS_DEPLOYMENT_TARGET = 15.2;
				MARKETING_VERSION = 1.0;
				PRODUCT_BUNDLE_IDENTIFIER = ramanjaneyulukoduri.FavouritePlacesTests;
				PRODUCT_NAME = "$(TARGET_NAME)";
				SWIFT_EMIT_LOC_STRINGS = NO;
				SWIFT_VERSION = 5.0;
				TARGETED_DEVICE_FAMILY = "1,2";
				TEST_HOST = "$(BUILT_PRODUCTS_DIR)/FavouritePlaces.app/FavouritePlaces";
			};
			name = Release;
		};
		AB1F49122820EB1E001915D3 /* Debug */ = {
			isa = XCBuildConfiguration;
			buildSettings = {
				ALWAYS_EMBED_SWIFT_STANDARD_LIBRARIES = YES;
				CODE_SIGN_STYLE = Automatic;
				CURRENT_PROJECT_VERSION = 1;
				GENERATE_INFOPLIST_FILE = YES;
				MARKETING_VERSION = 1.0;
				PRODUCT_BUNDLE_IDENTIFIER = ramanjaneyulukoduri.FavouritePlacesUITests;
				PRODUCT_NAME = "$(TARGET_NAME)";
				SWIFT_EMIT_LOC_STRINGS = NO;
				SWIFT_VERSION = 5.0;
				TARGETED_DEVICE_FAMILY = "1,2";
				TEST_TARGET_NAME = FavouritePlaces;
			};
			name = Debug;
		};
		AB1F49132820EB1E001915D3 /* Release */ = {
			isa = XCBuildConfiguration;
			buildSettings = {
				ALWAYS_EMBED_SWIFT_STANDARD_LIBRARIES = YES;
				CODE_SIGN_STYLE = Automatic;
				CURRENT_PROJECT_VERSION = 1;
				GENERATE_INFOPLIST_FILE = YES;
				MARKETING_VERSION = 1.0;
				PRODUCT_BUNDLE_IDENTIFIER = ramanjaneyulukoduri.FavouritePlacesUITests;
				PRODUCT_NAME = "$(TARGET_NAME)";
				SWIFT_EMIT_LOC_STRINGS = NO;
				SWIFT_VERSION = 5.0;
				TARGETED_DEVICE_FAMILY = "1,2";
				TEST_TARGET_NAME = FavouritePlaces;
			};
			name = Release;
		};
/* End XCBuildConfiguration section */

/* Begin XCConfigurationList section */
		AB1F48DD2820EB1C001915D3 /* Build configuration list for PBXProject "FavouritePlaces" */ = {
			isa = XCConfigurationList;
			buildConfigurations = (
				AB1F49092820EB1E001915D3 /* Debug */,
				AB1F490A2820EB1E001915D3 /* Release */,
			);
			defaultConfigurationIsVisible = 0;
			defaultConfigurationName = Release;
		};
		AB1F490B2820EB1E001915D3 /* Build configuration list for PBXNativeTarget "FavouritePlaces" */ = {
			isa = XCConfigurationList;
			buildConfigurations = (
				AB1F490C2820EB1E001915D3 /* Debug */,
				AB1F490D2820EB1E001915D3 /* Release */,
			);
			defaultConfigurationIsVisible = 0;
			defaultConfigurationName = Release;
		};
		AB1F490E2820EB1E001915D3 /* Build configuration list for PBXNativeTarget "FavouritePlacesTests" */ = {
			isa = XCConfigurationList;
			buildConfigurations = (
				AB1F490F2820EB1E001915D3 /* Debug */,
				AB1F49102820EB1E001915D3 /* Release */,
			);
			defaultConfigurationIsVisible = 0;
			defaultConfigurationName = Release;
		};
		AB1F49112820EB1E001915D3 /* Build configuration list for PBXNativeTarget "FavouritePlacesUITests" */ = {
			isa = XCConfigurationList;
			buildConfigurations = (
				AB1F49122820EB1E001915D3 /* Debug */,
				AB1F49132820EB1E001915D3 /* Release */,
			);
			defaultConfigurationIsVisible = 0;
			defaultConfigurationName = Release;
		};
/* End XCConfigurationList section */

/* Begin XCVersionGroup section */
		AB1F48F02820EB1D001915D3 /* FavouritePlaces.xcdatamodeld */ = {
			isa = XCVersionGroup;
			children = (
				AB1F48F12820EB1D001915D3 /* FavouritePlaces.xcdatamodel */,
			);
			currentVersion = AB1F48F12820EB1D001915D3 /* FavouritePlaces.xcdatamodel */;
			path = FavouritePlaces.xcdatamodeld;
			sourceTree = "<group>";
			versionGroupType = wrapper.xcdatamodel;
		};
/* End XCVersionGroup section */
	};
	rootObject = AB1F48DA2820EB1C001915D3 /* Project object */;
}
